
Microsoft Visual Studio Solution File, Format Version 12.00
# Visual Studio 15
Project("{FAE04EC0-301F-11D3-BF4B-00C04F79EFBC}") = "Assembly-CSharp", "Assembly-CSharp.csproj", "{1037E38D-D659-B171-388F-16FABC0FAB52}"
EndProject
Project("{FAE04EC0-301F-11D3-BF4B-00C04F79EFBC}") = "Unity.XR.Interaction.Toolkit.Samples.StarterAssets", "Unity.XR.Interaction.Toolkit.Samples.StarterAssets.csproj", "{C047D400-EA94-C95F-F091-57B980C36CF0}"
EndProject
Project("{FAE04EC0-301F-11D3-BF4B-00C04F79EFBC}") = "Unity.XR.Interaction.Toolkit.Samples.StarterAssets.Editor", "Unity.XR.Interaction.Toolkit.Samples.StarterAssets.Editor.csproj", "{758FCF26-8DB1-A379-2840-553642C5F866}"
EndProject
Project("{FAE04EC0-301F-11D3-BF4B-00C04F79EFBC}") = "Unity.XR.Interaction.Toolkit.Samples.Hands", "Unity.XR.Interaction.Toolkit.Samples.Hands.csproj", "{876C8724-C917-4AFF-EB04-C6E133DADEC9}"
EndProject
Project("{FAE04EC0-301F-11D3-BF4B-00C04F79EFBC}") = "Unity.XR.Hands.Samples.VisualizerSample", "Unity.XR.Hands.Samples.VisualizerSample.csproj", "{E05E06E3-F617-8CB5-C3D3-42B6E20C0B55}"
EndProject
Project("{FAE04EC0-301F-11D3-BF4B-00C04F79EFBC}") = "Unity.XR.Interaction.Toolkit.Samples.Hands.Editor", "Unity.XR.Interaction.Toolkit.Samples.Hands.Editor.csproj", "{DB594A3A-D7D9-60B8-A748-E518E1A72EDF}"
EndProject
Global
	GlobalSection(SolutionConfigurationPlatforms) = preSolution
		Debug|Any CPU = Debug|Any CPU
		Release|Any CPU = Release|Any CPU
	EndGlobalSection
	GlobalSection(ProjectConfigurationPlatforms) = postSolution
		{1037E38D-D659-B171-388F-16FABC0FAB52}.Debug|Any CPU.ActiveCfg = Debug|Any CPU
		{1037E38D-D659-B171-388F-16FABC0FAB52}.Debug|Any CPU.Build.0 = Debug|Any CPU
		{1037E38D-D659-B171-388F-16FABC0FAB52}.Release|Any CPU.ActiveCfg = Release|Any CPU
		{1037E38D-D659-B171-388F-16FABC0FAB52}.Release|Any CPU.Build.0 = Release|Any CPU
		{C047D400-EA94-C95F-F091-57B980C36CF0}.Debug|Any CPU.ActiveCfg = Debug|Any CPU
		{C047D400-EA94-C95F-F091-57B980C36CF0}.Debug|Any CPU.Build.0 = Debug|Any CPU
		{C047D400-EA94-C95F-F091-57B980C36CF0}.Release|Any CPU.ActiveCfg = Release|Any CPU
		{C047D400-EA94-C95F-F091-57B980C36CF0}.Release|Any CPU.Build.0 = Release|Any CPU
		{758FCF26-8DB1-A379-2840-553642C5F866}.Debug|Any CPU.ActiveCfg = Debug|Any CPU
		{758FCF26-8DB1-A379-2840-553642C5F866}.Debug|Any CPU.Build.0 = Debug|Any CPU
		{758FCF26-8DB1-A379-2840-553642C5F866}.Release|Any CPU.ActiveCfg = Release|Any CPU
		{758FCF26-8DB1-A379-2840-553642C5F866}.Release|Any CPU.Build.0 = Release|Any CPU
		{876C8724-C917-4AFF-EB04-C6E133DADEC9}.Debug|Any CPU.ActiveCfg = Debug|Any CPU
		{876C8724-C917-4AFF-EB04-C6E133DADEC9}.Debug|Any CPU.Build.0 = Debug|Any CPU
		{876C8724-C917-4AFF-EB04-C6E133DADEC9}.Release|Any CPU.ActiveCfg = Release|Any CPU
		{876C8724-C917-4AFF-EB04-C6E133DADEC9}.Release|Any CPU.Build.0 = Release|Any CPU
		{E05E06E3-F617-8CB5-C3D3-42B6E20C0B55}.Debug|Any CPU.ActiveCfg = Debug|Any CPU
		{E05E06E3-F617-8CB5-C3D3-42B6E20C0B55}.Debug|Any CPU.Build.0 = Debug|Any CPU
		{E05E06E3-F617-8CB5-C3D3-42B6E20C0B55}.Release|Any CPU.ActiveCfg = Release|Any CPU
		{E05E06E3-F617-8CB5-C3D3-42B6E20C0B55}.Release|Any CPU.Build.0 = Release|Any CPU
		{DB594A3A-D7D9-60B8-A748-E518E1A72EDF}.Debug|Any CPU.ActiveCfg = Debug|Any CPU
		{DB594A3A-D7D9-60B8-A748-E518E1A72EDF}.Debug|Any CPU.Build.0 = Debug|Any CPU
		{DB594A3A-D7D9-60B8-A748-E518E1A72EDF}.Release|Any CPU.ActiveCfg = Release|Any CPU
		{DB594A3A-D7D9-60B8-A748-E518E1A72EDF}.Release|Any CPU.Build.0 = Release|Any CPU
	EndGlobalSection
	GlobalSection(SolutionProperties) = preSolution
		HideSolutionNode = FALSE
	EndGlobalSection
EndGlobal
